<?xml version="1.0" encoding="utf-8"?>
<Project ToolsVersion="4.0" xmlns="http://schemas.microsoft.com/developer/msbuild/2003">
  <ItemGroup>
    <ClInclude Include="Include\NtAllocator.h">
      <Filter>memory</Filter>
    </ClInclude>
    <ClInclude Include="Include\NtApplication.h">
      <Filter>system</Filter>
    </ClInclude>
    <ClInclude Include="Include\NtArray.h">
      <Filter>container</Filter>
    </ClInclude>
    <ClInclude Include="Include\NtAse.h">
      <Filter>render</Filter>
    </ClInclude>
    <ClInclude Include="Include\NtAssert.h">
      <Filter>system</Filter>
    </ClInclude>
    <ClInclude Include="Include\NtAtom.h">
      <Filter>system</Filter>
    </ClInclude>
    <ClInclude Include="Include\dds.h">
      <Filter>render</Filter>
    </ClInclude>
    <ClInclude Include="Include\NtBuffer.h">
      <Filter>render</Filter>
    </ClInclude>
    <ClInclude Include="Include\NtCamera.h">
      <Filter>render</Filter>
    </ClInclude>
    <ClInclude Include="Include\NtColorShader.h">
      <Filter>render</Filter>
    </ClInclude>
    <ClInclude Include="Include\NtConsole.h">
      <Filter>system</Filter>
    </ClInclude>
    <ClInclude Include="Include\NtContainer.h">
      <Filter>system</Filter>
    </ClInclude>
    <ClInclude Include="Include\NtD3D11Headers.h">
      <Filter>render</Filter>
    </ClInclude>
    <ClInclude Include="Include\NtD3DMapping.h">
      <Filter>render</Filter>
    </ClInclude>
    <ClInclude Include="Include\NtD3DRenderer.h">
      <Filter>render</Filter>
    </ClInclude>
    <ClInclude Include="Include\NtCrt.h">
      <Filter>system</Filter>
    </ClInclude>
    <ClInclude Include="Include\NtErrorHandling.h">
      <Filter>system</Filter>
    </ClInclude>
    <ClInclude Include="Include\NtException.h">
      <Filter>system</Filter>
    </ClInclude>
    <ClInclude Include="Include\NtFactory.h">
      <Filter>container</Filter>
    </ClInclude>
    <ClInclude Include="Include\NtGlobal.h">
      <Filter>system</Filter>
    </ClInclude>
    <ClInclude Include="Include\NtFile.h">
      <Filter>system</Filter>
    </ClInclude>
    <ClInclude Include="Include\NtInputManager.h">
      <Filter>render</Filter>
    </ClInclude>
    <ClInclude Include="Include\NtLight.h">
      <Filter>render</Filter>
    </ClInclude>
    <ClInclude Include="Include\NtLightShader.h">
      <Filter>render</Filter>
    </ClInclude>
    <ClInclude Include="Include\NtModelParser.h">
      <Filter>render</Filter>
    </ClInclude>
    <ClInclude Include="Include\NtPuppet.h">
      <Filter>render</Filter>
    </ClInclude>
    <ClInclude Include="Include\NtMath.h">
      <Filter>math</Filter>
    </ClInclude>
    <ClInclude Include="Include\NtMatrix2.h">
      <Filter>math</Filter>
    </ClInclude>
    <ClInclude Include="Include\NtVector2.h">
      <Filter>math</Filter>
    </ClInclude>
    <ClInclude Include="Include\NtVector3.h">
      <Filter>math</Filter>
    </ClInclude>
    <ClInclude Include="Include\NtHashTable.h">
      <Filter>container</Filter>
    </ClInclude>
    <ClInclude Include="Include\NtInitDelegator.h">
      <Filter>system</Filter>
    </ClInclude>
    <ClInclude Include="Include\NtLinearAllocator.h">
      <Filter>container</Filter>
    </ClInclude>
    <ClInclude Include="Include\NtIterator.h">
      <Filter>container</Filter>
    </ClInclude>
    <ClInclude Include="Include\NtList.h">
      <Filter>container</Filter>
    </ClInclude>
    <ClInclude Include="Include\NtMemoryInfo.h">
      <Filter>system</Filter>
    </ClInclude>
    <ClInclude Include="Include\NtImage.h">
      <Filter>system</Filter>
    </ClInclude>
    <ClInclude Include="Include\NtLog.h">
      <Filter>system</Filter>
    </ClInclude>
    <ClInclude Include="Include\NtObject.h">
      <Filter>system</Filter>
    </ClInclude>
    <ClInclude Include="Include\NtRenderer.h">
      <Filter>render</Filter>
    </ClInclude>
    <ClInclude Include="Include\NtRenderType.h">
      <Filter>render</Filter>
    </ClInclude>
    <ClInclude Include="Include\NtNode.h">
      <Filter>container</Filter>
    </ClInclude>
    <ClInclude Include="Include\NtRTTI.h">
      <Filter>system</Filter>
    </ClInclude>
    <ClInclude Include="Include\NtSearch.h">
      <Filter>container</Filter>
    </ClInclude>
    <ClInclude Include="Include\NtShader.h">
      <Filter>render</Filter>
    </ClInclude>
    <ClInclude Include="Include\NtTexture.h">
      <Filter>render</Filter>
    </ClInclude>
    <ClInclude Include="Include\NtTextureHelper.h">
      <Filter>render</Filter>
    </ClInclude>
    <ClInclude Include="Include\NtTextureShader.h">
      <Filter>render</Filter>
    </ClInclude>
    <ClInclude Include="Include\NtVertexFormat.h">
      <Filter>render</Filter>
    </ClInclude>
    <ClInclude Include="Include\NtSetup.h">
      <Filter>system</Filter>
    </ClInclude>
    <ClInclude Include="Include\NtSingleton.h">
      <Filter>system</Filter>
    </ClInclude>
    <ClInclude Include="Include\NtString.h">
      <Filter>system</Filter>
    </ClInclude>
    <ClInclude Include="Include\NtSystem.h">
      <Filter>system</Filter>
    </ClInclude>
    <ClInclude Include="Include\NtTimer.h">
      <Filter>system</Filter>
    </ClInclude>
    <ClInclude Include="Include\NtTree.h">
      <Filter>container</Filter>
    </ClInclude>
    <ClInclude Include="Include\NtProfiler.h">
      <Filter>system</Filter>
    </ClInclude>
    <ClInclude Include="Include\NtUtility.h">
      <Filter>container</Filter>
    </ClInclude>
    <ClInclude Include="Include\NtType.h">
      <Filter>system</Filter>
    </ClInclude>
    <ClInclude Include="Include\NtTypeTrait.h">
      <Filter>system</Filter>
    </ClInclude>
    <ClInclude Include="Include\NtTypeManip.h">
      <Filter>system</Filter>
    </ClInclude>
    <ClInclude Include="Include\NtResourceManager.h">
      <Filter>render</Filter>
    </ClInclude>
    <ClInclude Include="Include\NtRenderDefine.h">
      <Filter>render</Filter>
    </ClInclude>
    <ClInclude Include="Include\NtThreadObject.h">
      <Filter>system</Filter>
    </ClInclude>
    <ClInclude Include="Include\NtCoreLib.h" />
    <ClInclude Include="Include\NtDx11Renderer.h">
      <Filter>render</Filter>
    </ClInclude>
    <ClInclude Include="Include\NtD3dUtil.h">
      <Filter>render</Filter>
    </ClInclude>
    <ClInclude Include="Include\dxerr.h">
      <Filter>render</Filter>
    </ClInclude>
  </ItemGroup>
  <ItemGroup>
    <None Include="Source\test_cube.ase" />
    <None Include="Include\NtBuffer.inl">
      <Filter>render</Filter>
    </None>
    <None Include="Include\NtErrorHandling.inl">
      <Filter>system</Filter>
    </None>
    <None Include="Include\NtMath.inl">
      <Filter>math</Filter>
    </None>
    <None Include="Include\NtMatrix2.inl">
      <Filter>math</Filter>
    </None>
    <None Include="Include\NtVector2.inl">
      <Filter>math</Filter>
    </None>
    <None Include="Include\NtVector3.inl">
      <Filter>math</Filter>
    </None>
    <None Include="Include\NtHashTable.inl">
      <Filter>container</Filter>
    </None>
    <None Include="Include\NtObject.inl">
      <Filter>system</Filter>
    </None>
    <None Include="Include\NtRenderType.inl">
      <Filter>render</Filter>
    </None>
    <None Include="Include\NtSearch.inl">
      <Filter>container</Filter>
    </None>
    <None Include="Include\NtSystem.inl">
      <Filter>system</Filter>
    </None>
    <None Include="Include\NtTree.inl">
      <Filter>container</Filter>
    </None>
  </ItemGroup>
  <ItemGroup>
    <ClCompile Include="Source\NtCoreLib.cpp" />
    <ClCompile Include="Source\NtAllocator.cpp">
      <Filter>memory</Filter>
    </ClCompile>
    <ClCompile Include="Source\NtApplication.cpp">
      <Filter>system</Filter>
    </ClCompile>
    <ClCompile Include="Source\NtAse.cpp">
      <Filter>render</Filter>
    </ClCompile>
    <ClCompile Include="Source\NtAssert.cpp">
      <Filter>system</Filter>
    </ClCompile>
    <ClCompile Include="Source\NtAtom.cpp">
      <Filter>system</Filter>
    </ClCompile>
    <ClCompile Include="Source\NtBuffer.cpp">
      <Filter>render</Filter>
    </ClCompile>
    <ClCompile Include="Source\NtCamera.cpp">
      <Filter>render</Filter>
    </ClCompile>
    <ClCompile Include="Source\NtColorShader.cpp">
      <Filter>render</Filter>
    </ClCompile>
    <ClCompile Include="Source\NtConsole.cpp">
      <Filter>system</Filter>
    </ClCompile>
    <ClCompile Include="Source\NtD3DMapping.cpp">
      <Filter>render</Filter>
    </ClCompile>
    <ClCompile Include="Source\NtD3DRenderer.cpp">
      <Filter>render</Filter>
    </ClCompile>
    <ClCompile Include="Source\NtCrt.cpp">
      <Filter>system</Filter>
    </ClCompile>
    <ClCompile Include="Source\NtFactory.cpp">
      <Filter>container</Filter>
    </ClCompile>
    <ClCompile Include="Source\NtFile.cpp">
      <Filter>system</Filter>
    </ClCompile>
    <ClCompile Include="Source\NtInputManager.cpp">
      <Filter>render</Filter>
    </ClCompile>
    <ClCompile Include="Source\NtLight.cpp">
      <Filter>render</Filter>
    </ClCompile>
    <ClCompile Include="Source\NtLightShader.cpp">
      <Filter>render</Filter>
    </ClCompile>
    <ClCompile Include="Source\NtModelParser.cpp">
      <Filter>render</Filter>
    </ClCompile>
    <ClCompile Include="Source\NtPuppet.cpp">
      <Filter>render</Filter>
    </ClCompile>
    <ClCompile Include="Source\NtMath.cpp">
      <Filter>math</Filter>
    </ClCompile>
    <ClCompile Include="Source\NtMatrix2.cpp">
      <Filter>math</Filter>
    </ClCompile>
    <ClCompile Include="Source\NtVector2.cpp">
      <Filter>math</Filter>
    </ClCompile>
    <ClCompile Include="Source\NtVector3.cpp">
      <Filter>math</Filter>
    </ClCompile>
    <ClCompile Include="Source\NtInitDelegator.cpp">
      <Filter>system</Filter>
    </ClCompile>
    <ClCompile Include="Source\NtLinearAllocator.cpp">
      <Filter>container</Filter>
    </ClCompile>
    <ClCompile Include="Source\NtMemoryInfo.cpp">
      <Filter>system</Filter>
    </ClCompile>
    <ClCompile Include="Source\NtImage.cpp">
      <Filter>system</Filter>
    </ClCompile>
    <ClCompile Include="Source\NtLog.cpp">
      <Filter>system</Filter>
    </ClCompile>
    <ClCompile Include="Source\NtObject.cpp">
      <Filter>system</Filter>
    </ClCompile>
    <ClCompile Include="Source\NtRenderer.cpp">
      <Filter>render</Filter>
    </ClCompile>
    <ClCompile Include="Source\NtRenderType.cpp">
      <Filter>render</Filter>
    </ClCompile>
    <ClCompile Include="Source\NtRTTI.cpp">
      <Filter>system</Filter>
    </ClCompile>
    <ClCompile Include="Source\NtSearch.cpp">
      <Filter>container</Filter>
    </ClCompile>
    <ClCompile Include="Source\NtShader.cpp">
      <Filter>render</Filter>
    </ClCompile>
    <ClCompile Include="Source\NtTexture.cpp">
      <Filter>render</Filter>
    </ClCompile>
    <ClCompile Include="Source\NtTextureHelper.cpp">
      <Filter>render</Filter>
    </ClCompile>
    <ClCompile Include="Source\NtTextureShader.cpp">
      <Filter>render</Filter>
    </ClCompile>
    <ClCompile Include="Source\NtVertexFormat.cpp">
      <Filter>render</Filter>
    </ClCompile>
    <ClCompile Include="Source\NtSetup.cpp">
      <Filter>system</Filter>
    </ClCompile>
    <ClCompile Include="Source\NtString.cpp">
      <Filter>system</Filter>
    </ClCompile>
    <ClCompile Include="Source\NtSystem.cpp">
      <Filter>system</Filter>
    </ClCompile>
    <ClCompile Include="Source\NtTimer.cpp">
      <Filter>system</Filter>
    </ClCompile>
    <ClCompile Include="Source\NtProfiler.cpp">
      <Filter>system</Filter>
    </ClCompile>
    <ClCompile Include="Source\NtResourceManager.cpp">
      <Filter>render</Filter>
    </ClCompile>
    <ClCompile Include="Source\NtThreadObject.cpp">
      <Filter>system</Filter>
    </ClCompile>
    <ClCompile Include="Source\NtDx11Renderer.cpp">
      <Filter>render</Filter>
    </ClCompile>
    <ClCompile Include="Source\NtD3dUtil.cpp">
      <Filter>render</Filter>
    </ClCompile>
    <ClCompile Include="Source\dxerr.cpp">
      <Filter>render</Filter>
    </ClCompile>
  </ItemGroup>
  <ItemGroup>
    <Filter Include="system">
      <UniqueIdentifier>{64097918-53f8-47d1-b229-b4eb14e0a22a}</UniqueIdentifier>
    </Filter>
    <Filter Include="memory">
      <UniqueIdentifier>{43190f14-704d-45fa-a259-403b2a26f2a9}</UniqueIdentifier>
    </Filter>
    <Filter Include="container">
      <UniqueIdentifier>{7e57520d-03dd-4e2b-9cfb-b0491db040e6}</UniqueIdentifier>
    </Filter>
    <Filter Include="render">
      <UniqueIdentifier>{908bc9c6-2c66-4a0c-986b-b952b5f3d2cf}</UniqueIdentifier>
    </Filter>
    <Filter Include="math">
      <UniqueIdentifier>{5008bfd1-c37e-43ac-8803-02aeffaf724e}</UniqueIdentifier>
    </Filter>
  </ItemGroup>
</Project>